
Microsoft Visual Studio Solution File, Format Version 12.00
# Visual Studio Version 17
VisualStudioVersion = 17.11.35222.181
MinimumVisualStudioVersion = 10.0.40219.1
Project("{FAE04EC0-301F-11D3-BF4B-00C04F79EFBC}") = "BinaryView", "BinaryView\BinaryView.csproj", "{96AF7CD8-932E-4ED7-B4D1-4C38E19D3F57}"
EndProject
Global
	GlobalSection(SolutionConfigurationPlatforms) = preSolution
		Debug|Any CPU = Debug|Any CPU
		Release|Any CPU = Release|Any CPU
	EndGlobalSection
	GlobalSection(ProjectConfigurationPlatforms) = postSolution
		{96AF7CD8-932E-4ED7-B4D1-4C38E19D3F57}.Debug|Any CPU.ActiveCfg = Debug|Any CPU
		{96AF7CD8-932E-4ED7-B4D1-4C38E19D3F57}.Debug|Any CPU.Build.0 = Debug|Any CPU
		{96AF7CD8-932E-4ED7-B4D1-4C38E19D3F57}.Release|Any CPU.ActiveCfg = Release|Any CPU
		{96AF7CD8-932E-4ED7-B4D1-4C38E19D3F57}.Release|Any CPU.Build.0 = Release|Any CPU
	EndGlobalSection
	GlobalSection(SolutionProperties) = preSolution
		HideSolutionNode = FALSE
	EndGlobalSection
	GlobalSection(ExtensibilityGlobals) = postSolution
		SolutionGuid = {291D2789-570B-41BA-A4A7-C7682D0C8C5E}
	EndGlobalSection
EndGlobal
